
Microsoft Visual Studio Solution File, Format Version 12.00
Project("{2150E333-8FDC-42A3-9474-1A3956D46DE8}") = "src", "src", "{4F203762-8AF3-432A-BC7F-A1DBEFECFD3F}"
EndProject
Project("{2150E333-8FDC-42A3-9474-1A3956D46DE8}") = "test", "test", "{C3E234E3-2EED-41C7-9CA3-67FE550690C4}"
EndProject
Project("{FAE04EC0-301F-11D3-BF4B-00C04F79EFBC}") = "SunFlower.Connection", "test\SunFlower.Connection\SunFlower.Connection.csproj", "{7CE1CDE6-91FF-4E8F-8213-DFEC1790B084}"
EndProject
Project("{F2A71F9B-5D33-465A-A702-920D77279786}") = "SunFlower.Terminal", "src\SunFlower.Terminal\SunFlower.Terminal.fsproj", "{D7AEA4AB-5BBA-41A4-AADF-5CAA71341B96}"
EndProject
Project("{FAE04EC0-301F-11D3-BF4B-00C04F79EFBC}") = "SunFlower.Windows", "src\SunFlower.Windows\SunFlower.Windows.csproj", "{E973C340-3C8B-471D-A6B9-CE76C151D738}"
EndProject
Project("{F2A71F9B-5D33-465A-A702-920D77279786}") = "SunFlower.Abstractions", "src\SunFlower.Abstractions\SunFlower.Abstractions.fsproj", "{533AEE8E-0D88-48E1-8FAA-8856F743B104}"
EndProject
Project("{F2A71F9B-5D33-465A-A702-920D77279786}") = "SunFlower", "src\SunFlower\SunFlower.fsproj", "{CD4E162D-926A-42F1-906F-F135B7871BF2}"
EndProject
Global
	GlobalSection(SolutionConfigurationPlatforms) = preSolution
		Debug|Any CPU = Debug|Any CPU
		Release|Any CPU = Release|Any CPU
	EndGlobalSection
	GlobalSection(NestedProjects) = preSolution
		{7CE1CDE6-91FF-4E8F-8213-DFEC1790B084} = {C3E234E3-2EED-41C7-9CA3-67FE550690C4}
		{D7AEA4AB-5BBA-41A4-AADF-5CAA71341B96} = {4F203762-8AF3-432A-BC7F-A1DBEFECFD3F}
		{E973C340-3C8B-471D-A6B9-CE76C151D738} = {4F203762-8AF3-432A-BC7F-A1DBEFECFD3F}
		{533AEE8E-0D88-48E1-8FAA-8856F743B104} = {4F203762-8AF3-432A-BC7F-A1DBEFECFD3F}
		{CD4E162D-926A-42F1-906F-F135B7871BF2} = {4F203762-8AF3-432A-BC7F-A1DBEFECFD3F}
	EndGlobalSection
	GlobalSection(ProjectConfigurationPlatforms) = postSolution
		{7CE1CDE6-91FF-4E8F-8213-DFEC1790B084}.Debug|Any CPU.ActiveCfg = Debug|Any CPU
		{7CE1CDE6-91FF-4E8F-8213-DFEC1790B084}.Debug|Any CPU.Build.0 = Debug|Any CPU
		{7CE1CDE6-91FF-4E8F-8213-DFEC1790B084}.Release|Any CPU.ActiveCfg = Release|Any CPU
		{7CE1CDE6-91FF-4E8F-8213-DFEC1790B084}.Release|Any CPU.Build.0 = Release|Any CPU
		{D7AEA4AB-5BBA-41A4-AADF-5CAA71341B96}.Debug|Any CPU.ActiveCfg = Debug|Any CPU
		{D7AEA4AB-5BBA-41A4-AADF-5CAA71341B96}.Debug|Any CPU.Build.0 = Debug|Any CPU
		{D7AEA4AB-5BBA-41A4-AADF-5CAA71341B96}.Release|Any CPU.ActiveCfg = Release|Any CPU
		{D7AEA4AB-5BBA-41A4-AADF-5CAA71341B96}.Release|Any CPU.Build.0 = Release|Any CPU
		{E973C340-3C8B-471D-A6B9-CE76C151D738}.Debug|Any CPU.ActiveCfg = Debug|Any CPU
		{E973C340-3C8B-471D-A6B9-CE76C151D738}.Debug|Any CPU.Build.0 = Debug|Any CPU
		{E973C340-3C8B-471D-A6B9-CE76C151D738}.Release|Any CPU.ActiveCfg = Release|Any CPU
		{E973C340-3C8B-471D-A6B9-CE76C151D738}.Release|Any CPU.Build.0 = Release|Any CPU
		{533AEE8E-0D88-48E1-8FAA-8856F743B104}.Debug|Any CPU.ActiveCfg = Debug|Any CPU
		{533AEE8E-0D88-48E1-8FAA-8856F743B104}.Debug|Any CPU.Build.0 = Debug|Any CPU
		{533AEE8E-0D88-48E1-8FAA-8856F743B104}.Release|Any CPU.ActiveCfg = Release|Any CPU
		{533AEE8E-0D88-48E1-8FAA-8856F743B104}.Release|Any CPU.Build.0 = Release|Any CPU
		{CD4E162D-926A-42F1-906F-F135B7871BF2}.Debug|Any CPU.ActiveCfg = Debug|Any CPU
		{CD4E162D-926A-42F1-906F-F135B7871BF2}.Debug|Any CPU.Build.0 = Debug|Any CPU
		{CD4E162D-926A-42F1-906F-F135B7871BF2}.Release|Any CPU.ActiveCfg = Release|Any CPU
		{CD4E162D-926A-42F1-906F-F135B7871BF2}.Release|Any CPU.Build.0 = Release|Any CPU
	EndGlobalSection
EndGlobal
